github.com/ctx42/tst-a v0.1.0 h1:XyxFm6pNY+vWXQp2pXjBHbWSEDFbWMwyU0x8OMmmYgk=
github.com/ctx42/tst-a v0.1.0/go.mod h1:sdk0IipiroBzJ93xBUDEYmGg9jE/pIKKwGgOxAS8M9g=
github.com/ctx42/tst-a v0.2.0 h1:htAY7tEaalz2nVreCpP3hm8m0Bs7S3AGL5Mh7WSf6ls=
github.com/ctx42/tst-a v0.2.0/go.mod h1:sdk0IipiroBzJ93xBUDEYmGg9jE/pIKKwGgOxAS8M9g=
